
Microsoft Visual Studio Solution File, Format Version 12.00
# Visual Studio 15
VisualStudioVersion = 15.0.27428.2037
MinimumVisualStudioVersion = 10.0.40219.1
Project("{FAE04EC0-301F-11D3-BF4B-00C04F79EFBC}") = "ChapeauLogic", "ChapeauLogic\ChapeauLogic.csproj", "{715FC326-1104-4E49-8DF2-A36E0458067D}"
EndProject
Project("{FAE04EC0-301F-11D3-BF4B-00C04F79EFBC}") = "ChapeauDAL", "ChapeauDAL\ChapeauDAL.csproj", "{5C8BDA73-F134-4AF6-BB41-DBE88EBA2615}"
EndProject
Project("{FAE04EC0-301F-11D3-BF4B-00C04F79EFBC}") = "ChapeauModel", "ChapeauModel\ChapeauModel.csproj", "{90A9ED02-35D3-4D84-80E4-458BC835C722}"
EndProject
Project("{FAE04EC0-301F-11D3-BF4B-00C04F79EFBC}") = "ChapeauUI", "ChapeauUI\ChapeauUI.csproj", "{CCF6A344-0103-41B5-A02D-DEEBE92435F7}"
EndProject
Global
	GlobalSection(SolutionConfigurationPlatforms) = preSolution
		Debug|Any CPU = Debug|Any CPU
		Release|Any CPU = Release|Any CPU
	EndGlobalSection
	GlobalSection(ProjectConfigurationPlatforms) = postSolution
		{715FC326-1104-4E49-8DF2-A36E0458067D}.Debug|Any CPU.ActiveCfg = Debug|Any CPU
		{715FC326-1104-4E49-8DF2-A36E0458067D}.Debug|Any CPU.Build.0 = Debug|Any CPU
		{715FC326-1104-4E49-8DF2-A36E0458067D}.Release|Any CPU.ActiveCfg = Release|Any CPU
		{715FC326-1104-4E49-8DF2-A36E0458067D}.Release|Any CPU.Build.0 = Release|Any CPU
		{5C8BDA73-F134-4AF6-BB41-DBE88EBA2615}.Debug|Any CPU.ActiveCfg = Debug|Any CPU
		{5C8BDA73-F134-4AF6-BB41-DBE88EBA2615}.Debug|Any CPU.Build.0 = Debug|Any CPU
		{5C8BDA73-F134-4AF6-BB41-DBE88EBA2615}.Release|Any CPU.ActiveCfg = Release|Any CPU
		{5C8BDA73-F134-4AF6-BB41-DBE88EBA2615}.Release|Any CPU.Build.0 = Release|Any CPU
		{90A9ED02-35D3-4D84-80E4-458BC835C722}.Debug|Any CPU.ActiveCfg = Debug|Any CPU
		{90A9ED02-35D3-4D84-80E4-458BC835C722}.Debug|Any CPU.Build.0 = Debug|Any CPU
		{90A9ED02-35D3-4D84-80E4-458BC835C722}.Release|Any CPU.ActiveCfg = Release|Any CPU
		{90A9ED02-35D3-4D84-80E4-458BC835C722}.Release|Any CPU.Build.0 = Release|Any CPU
		{CCF6A344-0103-41B5-A02D-DEEBE92435F7}.Debug|Any CPU.ActiveCfg = Debug|Any CPU
		{CCF6A344-0103-41B5-A02D-DEEBE92435F7}.Debug|Any CPU.Build.0 = Debug|Any CPU
		{CCF6A344-0103-41B5-A02D-DEEBE92435F7}.Release|Any CPU.ActiveCfg = Release|Any CPU
		{CCF6A344-0103-41B5-A02D-DEEBE92435F7}.Release|Any CPU.Build.0 = Release|Any CPU
	EndGlobalSection
	GlobalSection(SolutionProperties) = preSolution
		HideSolutionNode = FALSE
	EndGlobalSection
	GlobalSection(ExtensibilityGlobals) = postSolution
		SolutionGuid = {53481EAB-ABAA-40E2-9A7B-1F9AEF4D2CA0}
	EndGlobalSection
EndGlobal
